
Microsoft Visual Studio Solution File, Format Version 12.00
# Visual Studio Version 17
VisualStudioVersion = 17.13.35825.156 d17.13
MinimumVisualStudioVersion = 10.0.40219.1
Project("{FAE04EC0-301F-11D3-BF4B-00C04F79EFBC}") = "MyDI", "MyDI\MyDI.csproj", "{4F63C5AC-3B23-466D-B71B-7437A72ED637}"
EndProject
Global
	GlobalSection(SolutionConfigurationPlatforms) = preSolution
		Debug|Any CPU = Debug|Any CPU
		Release|Any CPU = Release|Any CPU
	EndGlobalSection
	GlobalSection(ProjectConfigurationPlatforms) = postSolution
		{4F63C5AC-3B23-466D-B71B-7437A72ED637}.Debug|Any CPU.ActiveCfg = Debug|Any CPU
		{4F63C5AC-3B23-466D-B71B-7437A72ED637}.Debug|Any CPU.Build.0 = Debug|Any CPU
		{4F63C5AC-3B23-466D-B71B-7437A72ED637}.Release|Any CPU.ActiveCfg = Release|Any CPU
		{4F63C5AC-3B23-466D-B71B-7437A72ED637}.Release|Any CPU.Build.0 = Release|Any CPU
	EndGlobalSection
	GlobalSection(SolutionProperties) = preSolution
		HideSolutionNode = FALSE
	EndGlobalSection
	GlobalSection(ExtensibilityGlobals) = postSolution
		SolutionGuid = {A46EE47C-EAAF-4D8E-9E5F-ABF14995275B}
	EndGlobalSection
EndGlobal
