
Microsoft Visual Studio Solution File, Format Version 12.00
# Visual Studio Version 17
VisualStudioVersion = 17.7.34018.315
MinimumVisualStudioVersion = 10.0.40219.1
Project("{FAE04EC0-301F-11D3-BF4B-00C04F79EFBC}") = "fy", "fy.csproj", "{2E20686C-8A73-4184-8AE6-333C6CC7E430}"
EndProject
Global
	GlobalSection(SolutionConfigurationPlatforms) = preSolution
		Debug|Any CPU = Debug|Any CPU
		Release|Any CPU = Release|Any CPU
	EndGlobalSection
	GlobalSection(ProjectConfigurationPlatforms) = postSolution
		{2E20686C-8A73-4184-8AE6-333C6CC7E430}.Debug|Any CPU.ActiveCfg = Debug|Any CPU
		{2E20686C-8A73-4184-8AE6-333C6CC7E430}.Debug|Any CPU.Build.0 = Debug|Any CPU
		{2E20686C-8A73-4184-8AE6-333C6CC7E430}.Release|Any CPU.ActiveCfg = Release|Any CPU
		{2E20686C-8A73-4184-8AE6-333C6CC7E430}.Release|Any CPU.Build.0 = Release|Any CPU
	EndGlobalSection
	GlobalSection(SolutionProperties) = preSolution
		HideSolutionNode = FALSE
	EndGlobalSection
	GlobalSection(ExtensibilityGlobals) = postSolution
		SolutionGuid = {424A5D84-54A2-4AAA-A260-6389CFA5EF06}
	EndGlobalSection
EndGlobal
