
Microsoft Visual Studio Solution File, Format Version 12.00
# Visual Studio Version 18
VisualStudioVersion = 18.0.11205.157 d18.0
MinimumVisualStudioVersion = 10.0.40219.1
Project("{FAE04EC0-301F-11D3-BF4B-00C04F79EFBC}") = "S27", "Leetcodes\S27.csproj", "{5913AE77-923C-44FD-933B-E6EDA9A0F46C}"
EndProject
Project("{FAE04EC0-301F-11D3-BF4B-00C04F79EFBC}") = "S26", "S26\S26.csproj", "{2581FE73-BA66-4A65-A11F-AC7EBDA4D4C4}"
EndProject
Project("{FAE04EC0-301F-11D3-BF4B-00C04F79EFBC}") = "S80", "S80\S80.csproj", "{021E3E3B-CE65-436F-9544-FD197E30F084}"
EndProject
Project("{FAE04EC0-301F-11D3-BF4B-00C04F79EFBC}") = "All", "All\All.csproj", "{89B37009-9F1F-4F1B-92ED-1808FB82F138}"
EndProject
Global
	GlobalSection(SolutionConfigurationPlatforms) = preSolution
		Debug|Any CPU = Debug|Any CPU
		Release|Any CPU = Release|Any CPU
	EndGlobalSection
	GlobalSection(ProjectConfigurationPlatforms) = postSolution
		{5913AE77-923C-44FD-933B-E6EDA9A0F46C}.Debug|Any CPU.ActiveCfg = Debug|Any CPU
		{5913AE77-923C-44FD-933B-E6EDA9A0F46C}.Debug|Any CPU.Build.0 = Debug|Any CPU
		{5913AE77-923C-44FD-933B-E6EDA9A0F46C}.Release|Any CPU.ActiveCfg = Release|Any CPU
		{5913AE77-923C-44FD-933B-E6EDA9A0F46C}.Release|Any CPU.Build.0 = Release|Any CPU
		{2581FE73-BA66-4A65-A11F-AC7EBDA4D4C4}.Debug|Any CPU.ActiveCfg = Debug|Any CPU
		{2581FE73-BA66-4A65-A11F-AC7EBDA4D4C4}.Debug|Any CPU.Build.0 = Debug|Any CPU
		{2581FE73-BA66-4A65-A11F-AC7EBDA4D4C4}.Release|Any CPU.ActiveCfg = Release|Any CPU
		{2581FE73-BA66-4A65-A11F-AC7EBDA4D4C4}.Release|Any CPU.Build.0 = Release|Any CPU
		{021E3E3B-CE65-436F-9544-FD197E30F084}.Debug|Any CPU.ActiveCfg = Debug|Any CPU
		{021E3E3B-CE65-436F-9544-FD197E30F084}.Debug|Any CPU.Build.0 = Debug|Any CPU
		{021E3E3B-CE65-436F-9544-FD197E30F084}.Release|Any CPU.ActiveCfg = Release|Any CPU
		{021E3E3B-CE65-436F-9544-FD197E30F084}.Release|Any CPU.Build.0 = Release|Any CPU
		{89B37009-9F1F-4F1B-92ED-1808FB82F138}.Debug|Any CPU.ActiveCfg = Debug|Any CPU
		{89B37009-9F1F-4F1B-92ED-1808FB82F138}.Debug|Any CPU.Build.0 = Debug|Any CPU
		{89B37009-9F1F-4F1B-92ED-1808FB82F138}.Release|Any CPU.ActiveCfg = Release|Any CPU
		{89B37009-9F1F-4F1B-92ED-1808FB82F138}.Release|Any CPU.Build.0 = Release|Any CPU
	EndGlobalSection
	GlobalSection(SolutionProperties) = preSolution
		HideSolutionNode = FALSE
	EndGlobalSection
	GlobalSection(ExtensibilityGlobals) = postSolution
		SolutionGuid = {8BBBFE9E-4451-40E6-9678-687E768EDA5A}
	EndGlobalSection
EndGlobal
