
Microsoft Visual Studio Solution File, Format Version 12.00
# Visual Studio Version 17
VisualStudioVersion = 17.13.35818.85 d17.13
MinimumVisualStudioVersion = 10.0.40219.1
Project("{FAE04EC0-301F-11D3-BF4B-00C04F79EFBC}") = "NETASPSTUDENT", "NETASPSTUDENT\NETASPSTUDENT.csproj", "{5DA530A8-F9A8-40B7-A3F2-B58FAC777993}"
EndProject
Global
	GlobalSection(SolutionConfigurationPlatforms) = preSolution
		Debug|Any CPU = Debug|Any CPU
		Release|Any CPU = Release|Any CPU
	EndGlobalSection
	GlobalSection(ProjectConfigurationPlatforms) = postSolution
		{5DA530A8-F9A8-40B7-A3F2-B58FAC777993}.Debug|Any CPU.ActiveCfg = Debug|Any CPU
		{5DA530A8-F9A8-40B7-A3F2-B58FAC777993}.Debug|Any CPU.Build.0 = Debug|Any CPU
		{5DA530A8-F9A8-40B7-A3F2-B58FAC777993}.Release|Any CPU.ActiveCfg = Release|Any CPU
		{5DA530A8-F9A8-40B7-A3F2-B58FAC777993}.Release|Any CPU.Build.0 = Release|Any CPU
	EndGlobalSection
	GlobalSection(SolutionProperties) = preSolution
		HideSolutionNode = FALSE
	EndGlobalSection
	GlobalSection(ExtensibilityGlobals) = postSolution
		SolutionGuid = {97A34592-62D5-4B32-9A7E-9D8BF07D528A}
	EndGlobalSection
EndGlobal
