
Microsoft Visual Studio Solution File, Format Version 12.00
# Visual Studio Version 17
VisualStudioVersion = 17.13.35818.85 d17.13
MinimumVisualStudioVersion = 10.0.40219.1
Project("{FAE04EC0-301F-11D3-BF4B-00C04F79EFBC}") = "LTXTEST", "LTXTEST.csproj", "{B62C4E0C-4ECE-6239-19B6-88911B3D335F}"
EndProject
Global
	GlobalSection(SolutionConfigurationPlatforms) = preSolution
		Debug|Any CPU = Debug|Any CPU
		Release|Any CPU = Release|Any CPU
	EndGlobalSection
	GlobalSection(ProjectConfigurationPlatforms) = postSolution
		{B62C4E0C-4ECE-6239-19B6-88911B3D335F}.Debug|Any CPU.ActiveCfg = Debug|Any CPU
		{B62C4E0C-4ECE-6239-19B6-88911B3D335F}.Debug|Any CPU.Build.0 = Debug|Any CPU
		{B62C4E0C-4ECE-6239-19B6-88911B3D335F}.Release|Any CPU.ActiveCfg = Release|Any CPU
		{B62C4E0C-4ECE-6239-19B6-88911B3D335F}.Release|Any CPU.Build.0 = Release|Any CPU
	EndGlobalSection
	GlobalSection(SolutionProperties) = preSolution
		HideSolutionNode = FALSE
	EndGlobalSection
	GlobalSection(ExtensibilityGlobals) = postSolution
		SolutionGuid = {8AAA1878-3793-4BAC-A94C-DE737CDBBDF2}
	EndGlobalSection
EndGlobal
