
Microsoft Visual Studio Solution File, Format Version 12.00
# Visual Studio Version 17
VisualStudioVersion = 17.11.35327.3
MinimumVisualStudioVersion = 10.0.40219.1
Project("{9A19103F-16F7-4668-BE54-9A1E7A4F7556}") = "AppLeng", "AppLeng.csproj", "{A9AD55D4-1B8E-4E39-8CC1-AF79AFCC6C92}"
EndProject
Project("{9A19103F-16F7-4668-BE54-9A1E7A4F7556}") = "AppLengLib", "..\..\AppLengLib\AppLengLib.csproj", "{D50B9463-7C54-4E4B-8BE7-A437FDD10868}"
EndProject
Project("{FAE04EC0-301F-11D3-BF4B-00C04F79EFBC}") = "ILCursor", "..\ILCursor\ILCursor.csproj", "{6ABE5295-369F-4B9B-A042-74B4EEA27CF0}"
EndProject
Global
	GlobalSection(SolutionConfigurationPlatforms) = preSolution
		Debug|Any CPU = Debug|Any CPU
		Release|Any CPU = Release|Any CPU
	EndGlobalSection
	GlobalSection(ProjectConfigurationPlatforms) = postSolution
		{A9AD55D4-1B8E-4E39-8CC1-AF79AFCC6C92}.Debug|Any CPU.ActiveCfg = Debug|Any CPU
		{A9AD55D4-1B8E-4E39-8CC1-AF79AFCC6C92}.Debug|Any CPU.Build.0 = Debug|Any CPU
		{A9AD55D4-1B8E-4E39-8CC1-AF79AFCC6C92}.Release|Any CPU.ActiveCfg = Release|Any CPU
		{A9AD55D4-1B8E-4E39-8CC1-AF79AFCC6C92}.Release|Any CPU.Build.0 = Release|Any CPU
		{D50B9463-7C54-4E4B-8BE7-A437FDD10868}.Debug|Any CPU.ActiveCfg = Debug|Any CPU
		{D50B9463-7C54-4E4B-8BE7-A437FDD10868}.Debug|Any CPU.Build.0 = Debug|Any CPU
		{D50B9463-7C54-4E4B-8BE7-A437FDD10868}.Release|Any CPU.ActiveCfg = Release|Any CPU
		{D50B9463-7C54-4E4B-8BE7-A437FDD10868}.Release|Any CPU.Build.0 = Release|Any CPU
		{6ABE5295-369F-4B9B-A042-74B4EEA27CF0}.Debug|Any CPU.ActiveCfg = Debug|Any CPU
		{6ABE5295-369F-4B9B-A042-74B4EEA27CF0}.Debug|Any CPU.Build.0 = Debug|Any CPU
		{6ABE5295-369F-4B9B-A042-74B4EEA27CF0}.Release|Any CPU.ActiveCfg = Release|Any CPU
		{6ABE5295-369F-4B9B-A042-74B4EEA27CF0}.Release|Any CPU.Build.0 = Release|Any CPU
	EndGlobalSection
	GlobalSection(SolutionProperties) = preSolution
		HideSolutionNode = FALSE
	EndGlobalSection
	GlobalSection(ExtensibilityGlobals) = postSolution
		SolutionGuid = {FEBF6E5C-67F0-46BD-8ECF-76DF7F19121D}
	EndGlobalSection
EndGlobal
