
Microsoft Visual Studio Solution File, Format Version 12.00
# Visual Studio Version 17
VisualStudioVersion = 17.12.35527.113 d17.12
MinimumVisualStudioVersion = 10.0.40219.1
Project("{FAE04EC0-301F-11D3-BF4B-00C04F79EFBC}") = "linq", "linq.csproj", "{83504AD7-B2B2-42DF-84C2-840F8F0D03C9}"
EndProject
Project("{FAE04EC0-301F-11D3-BF4B-00C04F79EFBC}") = "ioc", "..\ioc\ioc.csproj", "{4A9F5E3D-07A5-4625-9794-33224FDB127D}"
EndProject
Global
	GlobalSection(SolutionConfigurationPlatforms) = preSolution
		Debug|Any CPU = Debug|Any CPU
		Release|Any CPU = Release|Any CPU
	EndGlobalSection
	GlobalSection(ProjectConfigurationPlatforms) = postSolution
		{83504AD7-B2B2-42DF-84C2-840F8F0D03C9}.Debug|Any CPU.ActiveCfg = Debug|Any CPU
		{83504AD7-B2B2-42DF-84C2-840F8F0D03C9}.Debug|Any CPU.Build.0 = Debug|Any CPU
		{83504AD7-B2B2-42DF-84C2-840F8F0D03C9}.Release|Any CPU.ActiveCfg = Release|Any CPU
		{83504AD7-B2B2-42DF-84C2-840F8F0D03C9}.Release|Any CPU.Build.0 = Release|Any CPU
		{4A9F5E3D-07A5-4625-9794-33224FDB127D}.Debug|Any CPU.ActiveCfg = Debug|Any CPU
		{4A9F5E3D-07A5-4625-9794-33224FDB127D}.Debug|Any CPU.Build.0 = Debug|Any CPU
		{4A9F5E3D-07A5-4625-9794-33224FDB127D}.Release|Any CPU.ActiveCfg = Release|Any CPU
		{4A9F5E3D-07A5-4625-9794-33224FDB127D}.Release|Any CPU.Build.0 = Release|Any CPU
	EndGlobalSection
	GlobalSection(SolutionProperties) = preSolution
		HideSolutionNode = FALSE
	EndGlobalSection
EndGlobal
