
Microsoft Visual Studio Solution File, Format Version 12.00
# Visual Studio Version 17
VisualStudioVersion = 17.13.35825.156 d17.13
MinimumVisualStudioVersion = 10.0.40219.1
Project("{FAE04EC0-301F-11D3-BF4B-00C04F79EFBC}") = "SoilSensorPut", "SoilSensorPut.csproj", "{68DEC9CF-8585-4C3F-80D9-195CF8347235}"
EndProject
Global
	GlobalSection(SolutionConfigurationPlatforms) = preSolution
		Debug|Any CPU = Debug|Any CPU
		Release|Any CPU = Release|Any CPU
	EndGlobalSection
	GlobalSection(ProjectConfigurationPlatforms) = postSolution
		{68DEC9CF-8585-4C3F-80D9-195CF8347235}.Debug|Any CPU.ActiveCfg = Debug|Any CPU
		{68DEC9CF-8585-4C3F-80D9-195CF8347235}.Debug|Any CPU.Build.0 = Debug|Any CPU
		{68DEC9CF-8585-4C3F-80D9-195CF8347235}.Release|Any CPU.ActiveCfg = Release|Any CPU
		{68DEC9CF-8585-4C3F-80D9-195CF8347235}.Release|Any CPU.Build.0 = Release|Any CPU
	EndGlobalSection
	GlobalSection(SolutionProperties) = preSolution
		HideSolutionNode = FALSE
	EndGlobalSection
	GlobalSection(ExtensibilityGlobals) = postSolution
		SolutionGuid = {6294FB50-3A1A-4372-8C1E-DAB6A4DB1673}
	EndGlobalSection
EndGlobal
